
Microsoft Visual Studio Solution File, Format Version 12.00
# Visual Studio Version 17
VisualStudioVersion = 17.2.32602.215
MinimumVisualStudioVersion = 10.0.40219.1
Project("{FAE04EC0-301F-11D3-BF4B-00C04F79EFBC}") = "GoogleProjectManagement", "GoogleProjectManagement\GoogleProjectManagement.csproj", "{2D216962-CD07-4BAF-A72E-EEB4F3C730C7}"
EndProject
Global
	GlobalSection(SolutionConfigurationPlatforms) = preSolution
		Debug|Any CPU = Debug|Any CPU
		Release|Any CPU = Release|Any CPU
	EndGlobalSection
	GlobalSection(ProjectConfigurationPlatforms) = postSolution
		{2D216962-CD07-4BAF-A72E-EEB4F3C730C7}.Debug|Any CPU.ActiveCfg = Debug|Any CPU
		{2D216962-CD07-4BAF-A72E-EEB4F3C730C7}.Debug|Any CPU.Build.0 = Debug|Any CPU
		{2D216962-CD07-4BAF-A72E-EEB4F3C730C7}.Release|Any CPU.ActiveCfg = Release|Any CPU
		{2D216962-CD07-4BAF-A72E-EEB4F3C730C7}.Release|Any CPU.Build.0 = Release|Any CPU
	EndGlobalSection
	GlobalSection(SolutionProperties) = preSolution
		HideSolutionNode = FALSE
	EndGlobalSection
	GlobalSection(ExtensibilityGlobals) = postSolution
		SolutionGuid = {58648C43-F571-4706-8723-970524ECE300}
	EndGlobalSection
EndGlobal
